{
  "requires": true,
  "lockfileVersion": 1,
  "dependencies": {
    "react-hook-geolocation": {
      "version": "1.0.6",
      "resolved": "https://registry.npmjs.org/react-hook-geolocation/-/react-hook-geolocation-1.0.6.tgz",
      "integrity": "sha512-h7oiElx4U2Cz/amjCP0TX5Jlt/oAgZ0iNnV4gdq0jEUh5aWWqbs7u8ofhomsIEp9M00tnLaOuhdgkJ8c43HwjQ=="
    }
  }
}
